
Microsoft Visual Studio Solution File, Format Version 12.00
# Visual Studio Version 17
VisualStudioVersion = 17.8.34330.188
MinimumVisualStudioVersion = 10.0.40219.1
Project("{FAE04EC0-301F-11D3-BF4B-00C04F79EFBC}") = "WarThunderMinimapRangefinder", "WarThunderMinimapRangefinder\WarThunderMinimapRangefinder.csproj", "{240635CC-F42D-4D67-A409-3DA1C9E2A09D}"
EndProject
Global
	GlobalSection(SolutionConfigurationPlatforms) = preSolution
		Debug|Any CPU = Debug|Any CPU
		Release|Any CPU = Release|Any CPU
	EndGlobalSection
	GlobalSection(ProjectConfigurationPlatforms) = postSolution
		{240635CC-F42D-4D67-A409-3DA1C9E2A09D}.Debug|Any CPU.ActiveCfg = Debug|Any CPU
		{240635CC-F42D-4D67-A409-3DA1C9E2A09D}.Debug|Any CPU.Build.0 = Debug|Any CPU
		{240635CC-F42D-4D67-A409-3DA1C9E2A09D}.Release|Any CPU.ActiveCfg = Release|Any CPU
		{240635CC-F42D-4D67-A409-3DA1C9E2A09D}.Release|Any CPU.Build.0 = Release|Any CPU
	EndGlobalSection
	GlobalSection(SolutionProperties) = preSolution
		HideSolutionNode = FALSE
	EndGlobalSection
	GlobalSection(ExtensibilityGlobals) = postSolution
		SolutionGuid = {1A092A51-AA08-439C-A85E-1D3520F8796F}
	EndGlobalSection
EndGlobal
